
Microsoft Visual Studio Solution File, Format Version 12.00
# Visual Studio Version 16
VisualStudioVersion = 16.0.29324.140
MinimumVisualStudioVersion = 10.0.40219.1
Project("{FAE04EC0-301F-11D3-BF4B-00C04F79EFBC}") = "WiFi Scanner", "WiFi Scanner\WiFi Scanner.csproj", "{A63C7C5B-3BC1-456B-93A2-7F1BC4BFE264}"
EndProject
Global
	GlobalSection(SolutionConfigurationPlatforms) = preSolution
		Debug|Any CPU = Debug|Any CPU
		Release|Any CPU = Release|Any CPU
	EndGlobalSection
	GlobalSection(ProjectConfigurationPlatforms) = postSolution
		{A63C7C5B-3BC1-456B-93A2-7F1BC4BFE264}.Debug|Any CPU.ActiveCfg = Debug|Any CPU
		{A63C7C5B-3BC1-456B-93A2-7F1BC4BFE264}.Debug|Any CPU.Build.0 = Debug|Any CPU
		{A63C7C5B-3BC1-456B-93A2-7F1BC4BFE264}.Release|Any CPU.ActiveCfg = Release|Any CPU
		{A63C7C5B-3BC1-456B-93A2-7F1BC4BFE264}.Release|Any CPU.Build.0 = Release|Any CPU
	EndGlobalSection
	GlobalSection(SolutionProperties) = preSolution
		HideSolutionNode = FALSE
	EndGlobalSection
	GlobalSection(ExtensibilityGlobals) = postSolution
		SolutionGuid = {AB9786B2-5D3B-4835-AF38-ACF2F5055DF8}
	EndGlobalSection
EndGlobal
